
Microsoft Visual Studio Solution File, Format Version 12.00
# Visual Studio Version 16
VisualStudioVersion = 16.0.29201.188
MinimumVisualStudioVersion = 10.0.40219.1
Project("{9A19103F-16F7-4668-BE54-9A1E7A4F7556}") = "kcore.db", "kcore.db.csproj", "{ABA1950F-B37A-464D-9B7F-65C114C3C31A}"
EndProject
Global
	GlobalSection(SolutionConfigurationPlatforms) = preSolution
		Debug|Any CPU = Debug|Any CPU
		Debug|x86 = Debug|x86
		Release|Any CPU = Release|Any CPU
		Release|x86 = Release|x86
	EndGlobalSection
	GlobalSection(ProjectConfigurationPlatforms) = postSolution
		{ABA1950F-B37A-464D-9B7F-65C114C3C31A}.Debug|Any CPU.ActiveCfg = Debug|Any CPU
		{ABA1950F-B37A-464D-9B7F-65C114C3C31A}.Debug|Any CPU.Build.0 = Debug|Any CPU
		{ABA1950F-B37A-464D-9B7F-65C114C3C31A}.Debug|x86.ActiveCfg = Debug|x86
		{ABA1950F-B37A-464D-9B7F-65C114C3C31A}.Debug|x86.Build.0 = Debug|x86
		{ABA1950F-B37A-464D-9B7F-65C114C3C31A}.Release|Any CPU.ActiveCfg = Release|Any CPU
		{ABA1950F-B37A-464D-9B7F-65C114C3C31A}.Release|Any CPU.Build.0 = Release|Any CPU
		{ABA1950F-B37A-464D-9B7F-65C114C3C31A}.Release|x86.ActiveCfg = Release|x86
		{ABA1950F-B37A-464D-9B7F-65C114C3C31A}.Release|x86.Build.0 = Release|x86
	EndGlobalSection
	GlobalSection(SolutionProperties) = preSolution
		HideSolutionNode = FALSE
	EndGlobalSection
	GlobalSection(ExtensibilityGlobals) = postSolution
		SolutionGuid = {8C68A79E-0397-414D-A390-D2056FE9E39D}
	EndGlobalSection
EndGlobal
